PODS:
  - Masonry (1.0.2)
  - SpringBoard (0.1.0):
    - Masonry (~> 1.0.2)

DEPENDENCIES:
  - SpringBoard (from `../`)

EXTERNAL SOURCES:
  SpringBoard:
    :path: ../

SPEC CHECKSUMS:
  Masonry: 7c429b56da9d4ee0bbb3ed77a5ea710d6a5df39e
  SpringBoard: f91dfe889d2c88c3d4c2dacc02845b45f89c5525

PODFILE CHECKSUM: 2d92f853764bdd38112cb2eb2264aff2cd618657

COCOAPODS: 1.1.1
